# This file is automatically @generated by Cargo.
# It is not intended for manual editing.
version = 4

[[package]]
name = "autocfg"
version = "1.5.1"
source = "registry+https://github.com/rust-lang/crates.io-index"
checksum = "f2032f911046de80f0a198e0901378627c33f59ea0ac00e363d481118bd70a53"

[[package]]
name = "ballistics_rs"
version = "0.3.0"
dependencies = [
 "bon",
 "uom",
]

[[package]]
name = "bon"
version = "3.10.0"
source = "registry+https://github.com/rust-lang/crates.io-index"
checksum = "9e3fac94a66da67200398458a25412bcc3f9b6443b5119a6cad9cf3ccfcd8cc6"
dependencies = [
 "bon-macros",
]

[[package]]
name = "bon-macros"
version = "3.10.0"
source = "registry+https://github.com/rust-lang/crates.io-index"
checksum = "d4654961ad0494e4774c5c60b4cb4cd0ae9b9d92d039d901638b1dba97ebebf5"
dependencies = [
 "darling",
 "ident_case",
 "prettyplease",
 "proc-macro2",
 "quote",
 "syn",
]

[[package]]
name = "darling"
version = "0.24.1"
source = "registry+https://github.com/rust-lang/crates.io-index"
checksum = "ed17f5901b6630b993ca003def43f2f8ef4014fc13b047b57aad617ff32bc2ec"
dependencies = [
 "darling_core",
 "darling_macro",
]

[[package]]
name = "darling_core"
version = "0.24.1"
source = "registry+https://github.com/rust-lang/crates.io-index"
checksum = "6837e2cf7485aaae18f86181d2f0e9a7ed297a025e220aeabf63fdebd3a2ddff"
dependencies = [
 "ident_case",
 "proc-macro2",
 "quote",
 "strsim",
 "syn",
]

[[package]]
name = "darling_macro"
version = "0.24.1"
source = "registry+https://github.com/rust-lang/crates.io-index"
checksum = "2ac7135c3ef02b2f7833bbeb1be5ba7f966dcde8a87c6b87f65a778d71a02785"
dependencies = [
 "darling_core",
 "quote",
 "syn",
]

[[package]]
name = "ident_case"
version = "1.0.1"
source = "registry+https://github.com/rust-lang/crates.io-index"
checksum = "b9e0384b61958566e926dc50660321d12159025e767c18e043daf26b70104c39"

[[package]]
name = "num-traits"
version = "0.2.19"
source = "registry+https://github.com/rust-lang/crates.io-index"
checksum = "071dfc062690e90b734c0b2273ce72ad0ffa95f0c74596bc250dcfd960262841"
dependencies = [
 "autocfg",
]

[[package]]
name = "prettyplease"
version = "0.3.0"
source = "registry+https://github.com/rust-lang/crates.io-index"
checksum = "2bfe0f4c752e450fc2faf62654f1c134747922825d5b04ca717b8874f41a40c0"
dependencies = [
 "proc-macro2",
 "syn",
]

[[package]]
name = "proc-macro2"
version = "1.0.107"
source = "registry+https://github.com/rust-lang/crates.io-index"
checksum = "985e7ec9bb745e6ce6535b544d84d6cd6f7ad8bd711c398938ae983b91a766d9"
dependencies = [
 "unicode-ident",
]

[[package]]
name = "quote"
version = "1.0.37"
source = "registry+https://github.com/rust-lang/crates.io-index"
checksum = "b5b9d34b8991d19d98081b46eacdd8eb58c6f2b201139f7c5f643cc155a633af"
dependencies = [
 "proc-macro2",
]

[[package]]
name = "strsim"
version = "0.11.1"
source = "registry+https://github.com/rust-lang/crates.io-index"
checksum = "7da8b5736845d9f2fcb837ea5d9e2628564b3b043a70948a3f0b778838c5fb4f"

[[package]]
name = "syn"
version = "3.0.5"
source = "registry+https://github.com/rust-lang/crates.io-index"
checksum = "12df2e0110f65b775f769bb17ef989067a1d931b2eb822bd4346631eeada89f9"
dependencies = [
 "proc-macro2",
 "quote",
 "unicode-ident",
]

[[package]]
name = "typenum"
version = "1.20.0"
source = "registry+https://github.com/rust-lang/crates.io-index"
checksum = "40ce102ab67701b8526c123c1bab5cbe42d7040ccfd0f64af1a385808d2f43de"

[[package]]
name = "unicode-ident"
version = "1.0.12"
source = "registry+https://github.com/rust-lang/crates.io-index"
checksum = "3354b9ac3fae1ff6755cb6db53683adb661634f67557942dea4facebec0fee4b"

[[package]]
name = "uom"
version = "0.38.0"
source = "registry+https://github.com/rust-lang/crates.io-index"
checksum = "a739f83872836c82a4f2527d4e54b37007b3de68cafe7edde95fd695968bf4b9"
dependencies = [
 "num-traits",
 "typenum",
]
